// !$*UTF8*$!
{
	archiveVersion = 1;
	classes = {
	};
	objectVersion = 55;
	objects = {

/* Begin PBXBuildFile section */
		7EB3BF9AFFF1B54AFBF3BA20 /* Pods__MovieApp.framework in Frameworks */ = {isa = PBXBuildFile; fileRef = 5FD2922FD3CF762204C3C16E /* Pods__MovieApp.framework */; };
		BD94F425280B52AB00F95DED /* LoginViewController.swift in Sources */ = {isa = PBXBuildFile; fileRef = BD94F424280B52AA00F95DED /* LoginViewController.swift */; };
		BDC18AED280200CC0009045B /* MovieCell.swift in Sources */ = {isa = PBXBuildFile; fileRef = BDC18AEC280200CC0009045B /* MovieCell.swift */; };
		BDD65C282801E2E000CC6E21 /* AppDelegate.swift in Sources */ = {isa = PBXBuildFile; fileRef = BDD65C272801E2E000CC6E21 /* AppDelegate.swift */; };
		BDD65C2A2801E2E000CC6E21 /* SceneDelegate.swift in Sources */ = {isa = PBXBuildFile; fileRef = BDD65C292801E2E000CC6E21 /* SceneDelegate.swift */; };
		BDD65C2C2801E2E000CC6E21 /* ViewController.swift in Sources */ = {isa = PBXBuildFile; fileRef = BDD65C2B2801E2E000CC6E21 /* ViewController.swift */; };
		BDD65C2F2801E2E000CC6E21 /* Main.storyboard in Resources */ = {isa = PBXBuildFile; fileRef = BDD65C2D2801E2E000CC6E21 /* Main.storyboard */; };
		BDD65C322801E2E000CC6E21 /* _MovieApp.xcdatamodeld in Sources */ = {isa = PBXBuildFile; fileRef = BDD65C302801E2E000CC6E21 /* _MovieApp.xcdatamodeld */; };
		BDD65C342801E2E100CC6E21 /* Assets.xcassets in Resources */ = {isa = PBXBuildFile; fileRef = BDD65C332801E2E100CC6E21 /* Assets.xcassets */; };
		BDD65C372801E2E100CC6E21 /* LaunchScreen.storyboard in Resources */ = {isa = PBXBuildFile; fileRef = BDD65C352801E2E100CC6E21 /* LaunchScreen.storyboard */; };
		BDD65C3F2801E7E600CC6E21 /* Movie.swift in Sources */ = {isa = PBXBuildFile; fileRef = BDD65C3E2801E7E600CC6E21 /* Movie.swift */; };
		BDD677D828048D1500CA1384 /* DetailsVC.swift in Sources */ = {isa = PBXBuildFile; fileRef = BDD677D728048D1500CA1384 /* DetailsVC.swift */; };
/* End PBXBuildFile section */

/* Begin PBXFileReference section */
		0A2AF455A76A9EA38097A525 /* Pods-_MovieApp.debug.xcconfig */ = {isa = PBXFileReference; includeInIndex = 1; lastKnownFileType = text.xcconfig; name = "Pods-_MovieApp.debug.xcconfig"; path = "Target Support Files/Pods-_MovieApp/Pods-_MovieApp.debug.xcconfig"; sourceTree = "<group>"; };
		5FD2922FD3CF762204C3C16E /* Pods__MovieApp.framework */ = {isa = PBXFileReference; explicitFileType = wrapper.framework; includeInIndex = 0; path = Pods__MovieApp.framework; sourceTree = BUILT_PRODUCTS_DIR; };
		BD94F424280B52AA00F95DED /* LoginViewController.swift */ = {isa = PBXFileReference; lastKnownFileType = sourcecode.swift; path = LoginViewController.swift; sourceTree = "<group>"; };
		BDC18AEC280200CC0009045B /* MovieCell.swift */ = {isa = PBXFileReference; lastKnownFileType = sourcecode.swift; path = MovieCell.swift; sourceTree = "<group>"; };
		BDD65C242801E2E000CC6E21 /* _MovieApp.app */ = {isa = PBXFileReference; explicitFileType = wrapper.application; includeInIndex = 0; path = _MovieApp.app; sourceTree = BUILT_PRODUCTS_DIR; };
		BDD65C272801E2E000CC6E21 /* AppDelegate.swift */ = {isa = PBXFileReference; lastKnownFileType = sourcecode.swift; path = AppDelegate.swift; sourceTree = "<group>"; };
		BDD65C292801E2E000CC6E21 /* SceneDelegate.swift */ = {isa = PBXFileReference; lastKnownFileType = sourcecode.swift; path = SceneDelegate.swift; sourceTree = "<group>"; };
		BDD65C2B2801E2E000CC6E21 /* ViewController.swift */ = {isa = PBXFileReference; lastKnownFileType = sourcecode.swift; path = ViewController.swift; sourceTree = "<group>"; };
		BDD65C2E2801E2E000CC6E21 /* Base */ = {isa = PBXFileReference; lastKnownFileType = file.storyboard; name = Base; path = Base.lproj/Main.storyboard; sourceTree = "<group>"; };
		BDD65C312801E2E000CC6E21 /* _MovieApp.xcdatamodel */ = {isa = PBXFileReference; lastKnownFileType = wrapper.xcdatamodel; path = _MovieApp.xcdatamodel; sourceTree = "<group>"; };
		BDD65C332801E2E100CC6E21 /* Assets.xcassets */ = {isa = PBXFileReference; lastKnownFileType = folder.assetcatalog; path = Assets.xcassets; sourceTree = "<group>"; };
		BDD65C362801E2E100CC6E21 /* Base */ = {isa = PBXFileReference; lastKnownFileType = file.storyboard; name = Base; path = Base.lproj/LaunchScreen.storyboard; sourceTree = "<group>"; };
		BDD65C382801E2E100CC6E21 /* Info.plist */ = {isa = PBXFileReference; lastKnownFileType = text.plist.xml; path = Info.plist; sourceTree = "<group>"; };
		BDD65C3E2801E7E600CC6E21 /* Movie.swift */ = {isa = PBXFileReference; lastKnownFileType = sourcecode.swift; path = Movie.swift; sourceTree = "<group>"; };
		BDD677D728048D1500CA1384 /* DetailsVC.swift */ = {isa = PBXFileReference; lastKnownFileType = sourcecode.swift; path = DetailsVC.swift; sourceTree = "<group>"; };
		F177A72E6293E22AB2097B0E /* Pods-_MovieApp.release.xcconfig */ = {isa = PBXFileReference; includeInIndex = 1; lastKnownFileType = text.xcconfig; name = "Pods-_MovieApp.release.xcconfig"; path = "Target Support Files/Pods-_MovieApp/Pods-_MovieApp.release.xcconfig"; sourceTree = "<group>"; };
/* End PBXFileReference section */

/* Begin PBXFrameworksBuildPhase section */
		BDD65C212801E2E000CC6E21 /* Frameworks */ = {
			isa = PBXFrameworksBuildPhase;
			buildActionMask = 2147483647;
			files = (
				7EB3BF9AFFF1B54AFBF3BA20 /* Pods__MovieApp.framework in Frameworks */,
			);
			runOnlyForDeploymentPostprocessing = 0;
		};
/* End PBXFrameworksBuildPhase section */

/* Begin PBXGroup section */
		144DB4AB09636996205E0FB9 /* Frameworks */ = {
			isa = PBXGroup;
			children = (
				5FD2922FD3CF762204C3C16E /* Pods__MovieApp.framework */,
			);
			name = Frameworks;
			sourceTree = "<group>";
		};
		247B3E8273A9D339D2A88877 /* Pods */ = {
			isa = PBXGroup;
			children = (
				0A2AF455A76A9EA38097A525 /* Pods-_MovieApp.debug.xcconfig */,
				F177A72E6293E22AB2097B0E /* Pods-_MovieApp.release.xcconfig */,
			);
			path = Pods;
			sourceTree = "<group>";
		};
		BDD65C1B2801E2DF00CC6E21 = {
			isa = PBXGroup;
			children = (
				BDD65C262801E2E000CC6E21 /* _MovieApp */,
				BDD65C252801E2E000CC6E21 /* Products */,
				247B3E8273A9D339D2A88877 /* Pods */,
				144DB4AB09636996205E0FB9 /* Frameworks */,
			);
			sourceTree = "<group>";
		};
		BDD65C252801E2E000CC6E21 /* Products */ = {
			isa = PBXGroup;
			children = (
				BDD65C242801E2E000CC6E21 /* _MovieApp.app */,
			);
			name = Products;
			sourceTree = "<group>";
		};
		BDD65C262801E2E000CC6E21 /* _MovieApp */ = {
			isa = PBXGroup;
			children = (
				BDC18AEC280200CC0009045B /* MovieCell.swift */,
				BDD65C272801E2E000CC6E21 /* AppDelegate.swift */,
				BDD65C292801E2E000CC6E21 /* SceneDelegate.swift */,
				BDD65C2B2801E2E000CC6E21 /* ViewController.swift */,
				BDD65C3E2801E7E600CC6E21 /* Movie.swift */,
				BDD65C2D2801E2E000CC6E21 /* Main.storyboard */,
				BD94F424280B52AA00F95DED /* LoginViewController.swift */,
				BDD677D728048D1500CA1384 /* DetailsVC.swift */,
				BDD65C332801E2E100CC6E21 /* Assets.xcassets */,
				BDD65C352801E2E100CC6E21 /* LaunchScreen.storyboard */,
				BDD65C382801E2E100CC6E21 /* Info.plist */,
				BDD65C302801E2E000CC6E21 /* _MovieApp.xcdatamodeld */,
			);
			path = _MovieApp;
			sourceTree = "<group>";
		};
/* End PBXGroup section */

/* Begin PBXNativeTarget section */
		BDD65C232801E2E000CC6E21 /* _MovieApp */ = {
			isa = PBXNativeTarget;
			buildConfigurationList = BDD65C3B2801E2E100CC6E21 /* Build configuration list for PBXNativeTarget "_MovieApp" */;
			buildPhases = (
				B98AD0FA613374D2727CFD38 /* [CP] Check Pods Manifest.lock */,
				BDD65C202801E2E000CC6E21 /* Sources */,
				BDD65C212801E2E000CC6E21 /* Frameworks */,
				BDD65C222801E2E000CC6E21 /* Resources */,
				AC9B000C9AB8CF48EBAD38E6 /* [CP] Embed Pods Frameworks */,
			);
			buildRules = (
			);
			dependencies = (
			);
			name = _MovieApp;
			productName = _MovieApp;
			productReference = BDD65C242801E2E000CC6E21 /* _MovieApp.app */;
			productType = "com.apple.product-type.application";
		};
/* End PBXNativeTarget section */

/* Begin PBXProject section */
		BDD65C1C2801E2DF00CC6E21 /* Project object */ = {
			isa = PBXProject;
			attributes = {
				BuildIndependentTargetsInParallel = 1;
				LastSwiftUpdateCheck = 1330;
				LastUpgradeCheck = 1330;
				TargetAttributes = {
					BDD65C232801E2E000CC6E21 = {
						CreatedOnToolsVersion = 13.3;
					};
				};
			};
			buildConfigurationList = BDD65C1F2801E2DF00CC6E21 /* Build configuration list for PBXProject "_MovieApp" */;
			compatibilityVersion = "Xcode 13.0";
			developmentRegion = en;
			hasScannedForEncodings = 0;
			knownRegions = (
				en,
				Base,
			);
			mainGroup = BDD65C1B2801E2DF00CC6E21;
			productRefGroup = BDD65C252801E2E000CC6E21 /* Products */;
			projectDirPath = "";
			projectRoot = "";
			targets = (
				BDD65C232801E2E000CC6E21 /* _MovieApp */,
			);
		};
/* End PBXProject section */

/* Begin PBXResourcesBuildPhase section */
		BDD65C222801E2E000CC6E21 /* Resources */ = {
			isa = PBXResourcesBuildPhase;
			buildActionMask = 2147483647;
			files = (
				BDD65C372801E2E100CC6E21 /* LaunchScreen.storyboard in Resources */,
				BDD65C342801E2E100CC6E21 /* Assets.xcassets in Resources */,
				BDD65C2F2801E2E000CC6E21 /* Main.storyboard in Resources */,
			);
			runOnlyForDeploymentPostprocessing = 0;
		};
/* End PBXResourcesBuildPhase section */

/* Begin PBXShellScriptBuildPhase section */
		AC9B000C9AB8CF48EBAD38E6 /* [CP] Embed Pods Frameworks */ = {
			isa = PBXShellScriptBuildPhase;
			buildActionMask = 2147483647;
			files = (
			);
			inputFileListPaths = (
				"${PODS_ROOT}/Target Support Files/Pods-_MovieApp/Pods-_MovieApp-frameworks-${CONFIGURATION}-input-files.xcfilelist",
			);
			name = "[CP] Embed Pods Frameworks";
			outputFileListPaths = (
				"${PODS_ROOT}/Target Support Files/Pods-_MovieApp/Pods-_MovieApp-frameworks-${CONFIGURATION}-output-files.xcfilelist",
			);
			runOnlyForDeploymentPostprocessing = 0;
			shellPath = /bin/sh;
			shellScript = "\"${PODS_ROOT}/Target Support Files/Pods-_MovieApp/Pods-_MovieApp-frameworks.sh\"\n";
			showEnvVarsInLog = 0;
		};
		B98AD0FA613374D2727CFD38 /* [CP] Check Pods Manifest.lock */ = {
			isa = PBXShellScriptBuildPhase;
			buildActionMask = 2147483647;
			files = (
			);
			inputFileListPaths = (
			);
			inputPaths = (
				"${PODS_PODFILE_DIR_PATH}/Podfile.lock",
				"${PODS_ROOT}/Manifest.lock",
			);
			name = "[CP] Check Pods Manifest.lock";
			outputFileListPaths = (
			);
			outputPaths = (
				"$(DERIVED_FILE_DIR)/Pods-_MovieApp-checkManifestLockResult.txt",
			);
			runOnlyForDeploymentPostprocessing = 0;
			shellPath = /bin/sh;
			shellScript = "diff \"${PODS_PODFILE_DIR_PATH}/Podfile.lock\" \"${PODS_ROOT}/Manifest.lock\" > /dev/null\nif [ $? != 0 ] ; then\n    # print error to STDERR\n    echo \"error: The sandbox is not in sync with the Podfile.lock. Run 'pod install' or update your CocoaPods installation.\" >&2\n    exit 1\nfi\n# This output is used by Xcode 'outputs' to avoid re-running this script phase.\necho \"SUCCESS\" > \"${SCRIPT_OUTPUT_FILE_0}\"\n";
			showEnvVarsInLog = 0;
		};
/* End PBXShellScriptBuildPhase section */

/* Begin PBXSourcesBuildPhase section */
		BDD65C202801E2E000CC6E21 /* Sources */ = {
			isa = PBXSourcesBuildPhase;
			buildActionMask = 2147483647;
			files = (
				BDD65C2C2801E2E000CC6E21 /* ViewController.swift in Sources */,
				BDD65C282801E2E000CC6E21 /* AppDelegate.swift in Sources */,
				BDC18AED280200CC0009045B /* MovieCell.swift in Sources */,
				BDD65C322801E2E000CC6E21 /* _MovieApp.xcdatamodeld in Sources */,
				BD94F425280B52AB00F95DED /* LoginViewController.swift in Sources */,
				BDD677D828048D1500CA1384 /* DetailsVC.swift in Sources */,
				BDD65C2A2801E2E000CC6E21 /* SceneDelegate.swift in Sources */,
				BDD65C3F2801E7E600CC6E21 /* Movie.swift in Sources */,
			);
			runOnlyForDeploymentPostprocessing = 0;
		};
/* End PBXSourcesBuildPhase section */

/* Begin PBXVariantGroup section */
		BDD65C2D2801E2E000CC6E21 /* Main.storyboard */ = {
			isa = PBXVariantGroup;
			children = (
				BDD65C2E2801E2E000CC6E21 /* Base */,
			);
			name = Main.storyboard;
			sourceTree = "<group>";
		};
		BDD65C352801E2E100CC6E21 /* LaunchScreen.storyboard */ = {
			isa = PBXVariantGroup;
			children = (
				BDD65C362801E2E100CC6E21 /* Base */,
			);
			name = LaunchScreen.storyboard;
			sourceTree = "<group>";
		};
/* End PBXVariantGroup section */

/* Begin XCBuildConfiguration section */
		BDD65C392801E2E100CC6E21 /* Debug */ = {
			isa = XCBuildConfiguration;
			buildSettings = {
				ALWAYS_SEARCH_USER_PATHS = NO;
				CLANG_ANALYZER_NONNULL = YES;
				CLANG_ANALYZER_NUMBER_OBJECT_CONVERSION = YES_AGGRESSIVE;
				CLANG_CXX_LANGUAGE_STANDARD = "gnu++17";
				CLANG_ENABLE_MODULES = YES;
				CLANG_ENABLE_OBJC_ARC = YES;
				CLANG_ENABLE_OBJC_WEAK = YES;
				CLANG_WARN_BLOCK_CAPTURE_AUTORELEASING = YES;
				CLANG_WARN_BOOL_CONVERSION = YES;
				CLANG_WARN_COMMA = YES;
				CLANG_WARN_CONSTANT_CONVERSION = YES;
				CLANG_WARN_DEPRECATED_OBJC_IMPLEMENTATIONS = YES;
				CLANG_WARN_DIRECT_OBJC_ISA_USAGE = YES_ERROR;
				CLANG_WARN_DOCUMENTATION_COMMENTS = YES;
				CLANG_WARN_EMPTY_BODY = YES;
				CLANG_WARN_ENUM_CONVERSION = YES;
				CLANG_WARN_INFINITE_RECURSION = YES;
				CLANG_WARN_INT_CONVERSION = YES;
				CLANG_WARN_NON_LITERAL_NULL_CONVERSION = YES;
				CLANG_WARN_OBJC_IMPLICIT_RETAIN_SELF = YES;
				CLANG_WARN_OBJC_LITERAL_CONVERSION = YES;
				CLANG_WARN_OBJC_ROOT_CLASS = YES_ERROR;
				CLANG_WARN_QUOTED_INCLUDE_IN_FRAMEWORK_HEADER = YES;
				CLANG_WARN_RANGE_LOOP_ANALYSIS = YES;
				CLANG_WARN_STRICT_PROTOTYPES = YES;
				CLANG_WARN_SUSPICIOUS_MOVE = YES;
				CLANG_WARN_UNGUARDED_AVAILABILITY = YES_AGGRESSIVE;
				CLANG_WARN_UNREACHABLE_CODE = YES;
				CLANG_WARN__DUPLICATE_METHOD_MATCH = YES;
				COPY_PHASE_STRIP = NO;
				DEBUG_INFORMATION_FORMAT = dwarf;
				ENABLE_STRICT_OBJC_MSGSEND = YES;
				ENABLE_TESTABILITY = YES;
				GCC_C_LANGUAGE_STANDARD = gnu11;
				GCC_DYNAMIC_NO_PIC = NO;
				GCC_NO_COMMON_BLOCKS = YES;
				GCC_OPTIMIZATION_LEVEL = 0;
				GCC_PREPROCESSOR_DEFINITIONS = (
					"DEBUG=1",
					"$(inherited)",
				);
				GCC_WARN_64_TO_32_BIT_CONVERSION = YES;
				GCC_WARN_ABOUT_RETURN_TYPE = YES_ERROR;
				GCC_WARN_UNDECLARED_SELECTOR = YES;
				GCC_WARN_UNINITIALIZED_AUTOS = YES_AGGRESSIVE;
				GCC_WARN_UNUSED_FUNCTION = YES;
				GCC_WARN_UNUSED_VARIABLE = YES;
				IPHONEOS_DEPLOYMENT_TARGET = 15.4;
				MTL_ENABLE_DEBUG_INFO = INCLUDE_SOURCE;
				MTL_FAST_MATH = YES;
				ONLY_ACTIVE_ARCH = YES;
				SDKROOT = iphoneos;
				SWIFT_ACTIVE_COMPILATION_CONDITIONS = DEBUG;
				SWIFT_OPTIMIZATION_LEVEL = "-Onone";
			};
			name = Debug;
		};
		BDD65C3A2801E2E100CC6E21 /* Release */ = {
			isa = XCBuildConfiguration;
			buildSettings = {
				ALWAYS_SEARCH_USER_PATHS = NO;
				CLANG_ANALYZER_NONNULL = YES;
				CLANG_ANALYZER_NUMBER_OBJECT_CONVERSION = YES_AGGRESSIVE;
				CLANG_CXX_LANGUAGE_STANDARD = "gnu++17";
				CLANG_ENABLE_MODULES = YES;
				CLANG_ENABLE_OBJC_ARC = YES;
				CLANG_ENABLE_OBJC_WEAK = YES;
				CLANG_WARN_BLOCK_CAPTURE_AUTORELEASING = YES;
				CLANG_WARN_BOOL_CONVERSION = YES;
				CLANG_WARN_COMMA = YES;
				CLANG_WARN_CONSTANT_CONVERSION = YES;
				CLANG_WARN_DEPRECATED_OBJC_IMPLEMENTATIONS = YES;
				CLANG_WARN_DIRECT_OBJC_ISA_USAGE = YES_ERROR;
				CLANG_WARN_DOCUMENTATION_COMMENTS = YES;
				CLANG_WARN_EMPTY_BODY = YES;
				CLANG_WARN_ENUM_CONVERSION = YES;
				CLANG_WARN_INFINITE_RECURSION = YES;
				CLANG_WARN_INT_CONVERSION = YES;
				CLANG_WARN_NON_LITERAL_NULL_CONVERSION = YES;
				CLANG_WARN_OBJC_IMPLICIT_RETAIN_SELF = YES;
				CLANG_WARN_OBJC_LITERAL_CONVERSION = YES;
				CLANG_WARN_OBJC_ROOT_CLASS = YES_ERROR;
				CLANG_WARN_QUOTED_INCLUDE_IN_FRAMEWORK_HEADER = YES;
				CLANG_WARN_RANGE_LOOP_ANALYSIS = YES;
				CLANG_WARN_STRICT_PROTOTYPES = YES;
				CLANG_WARN_SUSPICIOUS_MOVE = YES;
				CLANG_WARN_UNGUARDED_AVAILABILITY = YES_AGGRESSIVE;
				CLANG_WARN_UNREACHABLE_CODE = YES;
				CLANG_WARN__DUPLICATE_METHOD_MATCH = YES;
				COPY_PHASE_STRIP = NO;
				DEBUG_INFORMATION_FORMAT = "dwarf-with-dsym";
				ENABLE_NS_ASSERTIONS = NO;
				ENABLE_STRICT_OBJC_MSGSEND = YES;
				GCC_C_LANGUAGE_STANDARD = gnu11;
				GCC_NO_COMMON_BLOCKS = YES;
				GCC_WARN_64_TO_32_BIT_CONVERSION = YES;
				GCC_WARN_ABOUT_RETURN_TYPE = YES_ERROR;
				GCC_WARN_UNDECLARED_SELECTOR = YES;
				GCC_WARN_UNINITIALIZED_AUTOS = YES_AGGRESSIVE;
				GCC_WARN_UNUSED_FUNCTION = YES;
				GCC_WARN_UNUSED_VARIABLE = YES;
				IPHONEOS_DEPLOYMENT_TARGET = 15.4;
				MTL_ENABLE_DEBUG_INFO = NO;
				MTL_FAST_MATH = YES;
				SDKROOT = iphoneos;
				SWIFT_COMPILATION_MODE = wholemodule;
				SWIFT_OPTIMIZATION_LEVEL = "-O";
				VALIDATE_PRODUCT = YES;
			};
			name = Release;
		};
		BDD65C3C2801E2E100CC6E21 /* Debug */ = {
			isa = XCBuildConfiguration;
			baseConfigurationReference = 0A2AF455A76A9EA38097A525 /* Pods-_MovieApp.debug.xcconfig */;
			buildSettings = {
				ASSETCATALOG_COMPILER_APPICON_NAME = AppIcon;
				ASSETCATALOG_COMPILER_GLOBAL_ACCENT_COLOR_NAME = AccentColor;
				CODE_SIGN_STYLE = Automatic;
				CURRENT_PROJECT_VERSION = 1;
				GENERATE_INFOPLIST_FILE = YES;
				INFOPLIST_FILE = _MovieApp/Info.plist;
				INFOPLIST_KEY_UIApplicationSupportsIndirectInputEvents = YES;
				INFOPLIST_KEY_UILaunchStoryboardName = LaunchScreen;
				INFOPLIST_KEY_UIMainStoryboardFile = Main;
				INFOPLIST_KEY_UISupportedInterfaceOrientations_iPad = "UIInterfaceOrientationPortrait UIInterfaceOrientationPortraitUpsideDown UIInterfaceOrientationLandscapeLeft UIInterfaceOrientationLandscapeRight";
				INFOPLIST_KEY_UISupportedInterfaceOrientations_iPhone = "UIInterfaceOrientationPortrait UIInterfaceOrientationLandscapeLeft UIInterfaceOrientationLandscapeRight";
				LD_RUNPATH_SEARCH_PATHS = (
					"$(inherited)",
					"@executable_path/Frameworks",
				);
				MARKETING_VERSION = 1.0;
				PRODUCT_BUNDLE_IDENTIFIER = "Learn.-MovieApp";
				PRODUCT_NAME = "$(TARGET_NAME)";
				SWIFT_EMIT_LOC_STRINGS = YES;
				SWIFT_VERSION = 5.0;
				TARGETED_DEVICE_FAMILY = "1,2";
			};
			name = Debug;
		};
		BDD65C3D2801E2E100CC6E21 /* Release */ = {
			isa = XCBuildConfiguration;
			baseConfigurationReference = F177A72E6293E22AB2097B0E /* Pods-_MovieApp.release.xcconfig */;
			buildSettings = {
				ASSETCATALOG_COMPILER_APPICON_NAME = AppIcon;
				ASSETCATALOG_COMPILER_GLOBAL_ACCENT_COLOR_NAME = AccentColor;
				CODE_SIGN_STYLE = Automatic;
				CURRENT_PROJECT_VERSION = 1;
				GENERATE_INFOPLIST_FILE = YES;
				INFOPLIST_FILE = _MovieApp/Info.plist;
				INFOPLIST_KEY_UIApplicationSupportsIndirectInputEvents = YES;
				INFOPLIST_KEY_UILaunchStoryboardName = LaunchScreen;
				INFOPLIST_KEY_UIMainStoryboardFile = Main;
				INFOPLIST_KEY_UISupportedInterfaceOrientations_iPad = "UIInterfaceOrientationPortrait UIInterfaceOrientationPortraitUpsideDown UIInterfaceOrientationLandscapeLeft UIInterfaceOrientationLandscapeRight";
				INFOPLIST_KEY_UISupportedInterfaceOrientations_iPhone = "UIInterfaceOrientationPortrait UIInterfaceOrientationLandscapeLeft UIInterfaceOrientationLandscapeRight";
				LD_RUNPATH_SEARCH_PATHS = (
					"$(inherited)",
					"@executable_path/Frameworks",
				);
				MARKETING_VERSION = 1.0;
				PRODUCT_BUNDLE_IDENTIFIER = "Learn.-MovieApp";
				PRODUCT_NAME = "$(TARGET_NAME)";
				SWIFT_EMIT_LOC_STRINGS = YES;
				SWIFT_VERSION = 5.0;
				TARGETED_DEVICE_FAMILY = "1,2";
			};
			name = Release;
		};
/* End XCBuildConfiguration section */

/* Begin XCConfigurationList section */
		BDD65C1F2801E2DF00CC6E21 /* Build configuration list for PBXProject "_MovieApp" */ = {
			isa = XCConfigurationList;
			buildConfigurations = (
				BDD65C392801E2E100CC6E21 /* Debug */,
				BDD65C3A2801E2E100CC6E21 /* Release */,
			);
			defaultConfigurationIsVisible = 0;
			defaultConfigurationName = Release;
		};
		BDD65C3B2801E2E100CC6E21 /* Build configuration list for PBXNativeTarget "_MovieApp" */ = {
			isa = XCConfigurationList;
			buildConfigurations = (
				BDD65C3C2801E2E100CC6E21 /* Debug */,
				BDD65C3D2801E2E100CC6E21 /* Release */,
			);
			defaultConfigurationIsVisible = 0;
			defaultConfigurationName = Release;
		};
/* End XCConfigurationList section */

/* Begin XCVersionGroup section */
		BDD65C302801E2E000CC6E21 /* _MovieApp.xcdatamodeld */ = {
			isa = XCVersionGroup;
			children = (
				BDD65C312801E2E000CC6E21 /* _MovieApp.xcdatamodel */,
			);
			currentVersion = BDD65C312801E2E000CC6E21 /* _MovieApp.xcdatamodel */;
			path = _MovieApp.xcdatamodeld;
			sourceTree = "<group>";
			versionGroupType = wrapper.xcdatamodel;
		};
/* End XCVersionGroup section */
	};
	rootObject = BDD65C1C2801E2DF00CC6E21 /* Project object */;
}
